
Microsoft Visual Studio Solution File, Format Version 12.00
# Visual Studio Version 17
VisualStudioVersion = 17.11.35222.181
MinimumVisualStudioVersion = 10.0.40219.1
Project("{FAE04EC0-301F-11D3-BF4B-00C04F79EFBC}") = "AssetManagementApplication", "AssetManagementApplication.csproj", "{3FFF4864-41E1-4927-BB8E-770759125647}"
EndProject
Global
	GlobalSection(SolutionConfigurationPlatforms) = preSolution
		Debug|Any CPU = Debug|Any CPU
		Release|Any CPU = Release|Any CPU
	EndGlobalSection
	GlobalSection(ProjectConfigurationPlatforms) = postSolution
		{3FFF4864-41E1-4927-BB8E-770759125647}.Debug|Any CPU.ActiveCfg = Debug|Any CPU
		{3FFF4864-41E1-4927-BB8E-770759125647}.Debug|Any CPU.Build.0 = Debug|Any CPU
		{3FFF4864-41E1-4927-BB8E-770759125647}.Release|Any CPU.ActiveCfg = Release|Any CPU
		{3FFF4864-41E1-4927-BB8E-770759125647}.Release|Any CPU.Build.0 = Release|Any CPU
	EndGlobalSection
	GlobalSection(SolutionProperties) = preSolution
		HideSolutionNode = FALSE
	EndGlobalSection
	GlobalSection(ExtensibilityGlobals) = postSolution
		SolutionGuid = {C6931AFF-1850-45EE-AA87-2DDE0D999D90}
	EndGlobalSection
EndGlobal
